
Microsoft Visual Studio Solution File, Format Version 12.00
# Visual Studio Version 17
VisualStudioVersion = 17.10.35027.167
MinimumVisualStudioVersion = 10.0.40219.1
Project("{FAE04EC0-301F-11D3-BF4B-00C04F79EFBC}") = "StudentRepo.Server", "StudentRepo.Server\StudentRepo.Server.csproj", "{B581CA6A-6680-42A9-809B-AAA0B8A6FBF1}"
EndProject
Project("{54A90642-561A-4BB1-A94E-469ADEE60C69}") = "studentrepo.client", "studentrepo.client\studentrepo.client.esproj", "{4A1B0CAD-83D0-42C2-9D94-61667D526690}"
EndProject
Global
	GlobalSection(SolutionConfigurationPlatforms) = preSolution
		Debug|Any CPU = Debug|Any CPU
		Release|Any CPU = Release|Any CPU
	EndGlobalSection
	GlobalSection(ProjectConfigurationPlatforms) = postSolution
		{B581CA6A-6680-42A9-809B-AAA0B8A6FBF1}.Debug|Any CPU.ActiveCfg = Debug|Any CPU
		{B581CA6A-6680-42A9-809B-AAA0B8A6FBF1}.Debug|Any CPU.Build.0 = Debug|Any CPU
		{B581CA6A-6680-42A9-809B-AAA0B8A6FBF1}.Release|Any CPU.ActiveCfg = Release|Any CPU
		{B581CA6A-6680-42A9-809B-AAA0B8A6FBF1}.Release|Any CPU.Build.0 = Release|Any CPU
		{4A1B0CAD-83D0-42C2-9D94-61667D526690}.Debug|Any CPU.ActiveCfg = Debug|Any CPU
		{4A1B0CAD-83D0-42C2-9D94-61667D526690}.Debug|Any CPU.Build.0 = Debug|Any CPU
		{4A1B0CAD-83D0-42C2-9D94-61667D526690}.Debug|Any CPU.Deploy.0 = Debug|Any CPU
		{4A1B0CAD-83D0-42C2-9D94-61667D526690}.Release|Any CPU.ActiveCfg = Release|Any CPU
		{4A1B0CAD-83D0-42C2-9D94-61667D526690}.Release|Any CPU.Build.0 = Release|Any CPU
		{4A1B0CAD-83D0-42C2-9D94-61667D526690}.Release|Any CPU.Deploy.0 = Release|Any CPU
	EndGlobalSection
	GlobalSection(SolutionProperties) = preSolution
		HideSolutionNode = FALSE
	EndGlobalSection
	GlobalSection(ExtensibilityGlobals) = postSolution
		SolutionGuid = {FBAC4896-66A0-4914-BCEF-5C33DC9A1DB3}
	EndGlobalSection
EndGlobal
